
Microsoft Visual Studio Solution File, Format Version 12.00
# Visual Studio 15
VisualStudioVersion = 15.0.27004.2009
MinimumVisualStudioVersion = 10.0.40219.1
Project("{FAE04EC0-301F-11D3-BF4B-00C04F79EFBC}") = "TiebaManagerMini", "TiebaManagerMini\TiebaManagerMini.csproj", "{A338B3BE-6ED6-44C6-80B2-F9E1F597660E}"
EndProject
Global
	GlobalSection(SolutionConfigurationPlatforms) = preSolution
		Debug|Any CPU = Debug|Any CPU
		Release|Any CPU = Release|Any CPU
	EndGlobalSection
	GlobalSection(ProjectConfigurationPlatforms) = postSolution
		{A338B3BE-6ED6-44C6-80B2-F9E1F597660E}.Debug|Any CPU.ActiveCfg = Debug|Any CPU
		{A338B3BE-6ED6-44C6-80B2-F9E1F597660E}.Debug|Any CPU.Build.0 = Debug|Any CPU
		{A338B3BE-6ED6-44C6-80B2-F9E1F597660E}.Release|Any CPU.ActiveCfg = Release|Any CPU
		{A338B3BE-6ED6-44C6-80B2-F9E1F597660E}.Release|Any CPU.Build.0 = Release|Any CPU
	EndGlobalSection
	GlobalSection(SolutionProperties) = preSolution
		HideSolutionNode = FALSE
	EndGlobalSection
	GlobalSection(ExtensibilityGlobals) = postSolution
		SolutionGuid = {A2D5CFA8-3E3B-4A06-B179-BA3851B3F65F}
	EndGlobalSection
	GlobalSection(Performance) = preSolution
		HasPerformanceSessions = true
	EndGlobalSection
	GlobalSection(Performance) = preSolution
		HasPerformanceSessions = true
	EndGlobalSection
EndGlobal
